
Microsoft Visual Studio Solution File, Format Version 12.00
# Visual Studio 2013
VisualStudioVersion = 12.0.21005.1
MinimumVisualStudioVersion = 10.0.40219.1
Project("{8BC9CEB8-8B4A-11D0-8D11-00A0C91BC942}") = "jianzhioffer", "nowcoder\nowcoder.vcxproj", "{A8F5E328-08F3-49DD-B1DA-3FA039A79E06}"
EndProject
Project("{8BC9CEB8-8B4A-11D0-8D11-00A0C91BC942}") = "leetcode", "leetcode\leetcode.vcxproj", "{823FB1F3-F344-4ACD-9174-3CA80B039996}"
EndProject
Global
	GlobalSection(SolutionConfigurationPlatforms) = preSolution
		Debug|Win32 = Debug|Win32
		Release|Win32 = Release|Win32
	EndGlobalSection
	GlobalSection(ProjectConfigurationPlatforms) = postSolution
		{A8F5E328-08F3-49DD-B1DA-3FA039A79E06}.Debug|Win32.ActiveCfg = Debug|Win32
		{A8F5E328-08F3-49DD-B1DA-3FA039A79E06}.Debug|Win32.Build.0 = Debug|Win32
		{A8F5E328-08F3-49DD-B1DA-3FA039A79E06}.Release|Win32.ActiveCfg = Release|Win32
		{A8F5E328-08F3-49DD-B1DA-3FA039A79E06}.Release|Win32.Build.0 = Release|Win32
		{823FB1F3-F344-4ACD-9174-3CA80B039996}.Debug|Win32.ActiveCfg = Debug|Win32
		{823FB1F3-F344-4ACD-9174-3CA80B039996}.Debug|Win32.Build.0 = Debug|Win32
		{823FB1F3-F344-4ACD-9174-3CA80B039996}.Release|Win32.ActiveCfg = Release|Win32
		{823FB1F3-F344-4ACD-9174-3CA80B039996}.Release|Win32.Build.0 = Release|Win32
	EndGlobalSection
	GlobalSection(SolutionProperties) = preSolution
		HideSolutionNode = FALSE
	EndGlobalSection
EndGlobal
